
Microsoft Visual Studio Solution File, Format Version 12.00
# Visual Studio 15
VisualStudioVersion = 15.0.27428.2011
MinimumVisualStudioVersion = 10.0.40219.1
Project("{FAE04EC0-301F-11D3-BF4B-00C04F79EFBC}") = "Cleaningsupplies.Web", "Cleaningsupplies.Web\Cleaningsupplies.Web.csproj", "{33D221AD-FA9C-4778-95F7-9AE2A8050E30}"
EndProject
Project("{FAE04EC0-301F-11D3-BF4B-00C04F79EFBC}") = "Cleaningsupplies.Web.Tests", "Cleaningsupplies.Web.Tests\Cleaningsupplies.Web.Tests.csproj", "{73C399F7-CA17-4F55-B918-59E26868F577}"
EndProject
Project("{FAE04EC0-301F-11D3-BF4B-00C04F79EFBC}") = "CleaningSupplies.Database", "CleaningSupplies.Database\CleaningSupplies.Database.csproj", "{CE6856D6-3302-4069-8E6E-16C72B27EAAC}"
EndProject
Global
	GlobalSection(SolutionConfigurationPlatforms) = preSolution
		Debug|Any CPU = Debug|Any CPU
		Release|Any CPU = Release|Any CPU
	EndGlobalSection
	GlobalSection(ProjectConfigurationPlatforms) = postSolution
		{33D221AD-FA9C-4778-95F7-9AE2A8050E30}.Debug|Any CPU.ActiveCfg = Debug|Any CPU
		{33D221AD-FA9C-4778-95F7-9AE2A8050E30}.Debug|Any CPU.Build.0 = Debug|Any CPU
		{33D221AD-FA9C-4778-95F7-9AE2A8050E30}.Release|Any CPU.ActiveCfg = Release|Any CPU
		{33D221AD-FA9C-4778-95F7-9AE2A8050E30}.Release|Any CPU.Build.0 = Release|Any CPU
		{73C399F7-CA17-4F55-B918-59E26868F577}.Debug|Any CPU.ActiveCfg = Debug|Any CPU
		{73C399F7-CA17-4F55-B918-59E26868F577}.Debug|Any CPU.Build.0 = Debug|Any CPU
		{73C399F7-CA17-4F55-B918-59E26868F577}.Release|Any CPU.ActiveCfg = Release|Any CPU
		{73C399F7-CA17-4F55-B918-59E26868F577}.Release|Any CPU.Build.0 = Release|Any CPU
		{CE6856D6-3302-4069-8E6E-16C72B27EAAC}.Debug|Any CPU.ActiveCfg = Debug|Any CPU
		{CE6856D6-3302-4069-8E6E-16C72B27EAAC}.Debug|Any CPU.Build.0 = Debug|Any CPU
		{CE6856D6-3302-4069-8E6E-16C72B27EAAC}.Release|Any CPU.ActiveCfg = Release|Any CPU
		{CE6856D6-3302-4069-8E6E-16C72B27EAAC}.Release|Any CPU.Build.0 = Release|Any CPU
	EndGlobalSection
	GlobalSection(SolutionProperties) = preSolution
		HideSolutionNode = FALSE
	EndGlobalSection
	GlobalSection(ExtensibilityGlobals) = postSolution
		SolutionGuid = {370F6BB1-C973-4F9D-98D9-7EBB13F2691E}
	EndGlobalSection
EndGlobal
